
Microsoft Visual Studio Solution File, Format Version 12.00
# Visual Studio Version 16
VisualStudioVersion = 16.0.29230.47
MinimumVisualStudioVersion = 10.0.40219.1
Project("{FAE04EC0-301F-11D3-BF4B-00C04F79EFBC}") = "WorkingWithHTML", "WorkingWithHTML\WorkingWithHTML.csproj", "{5FDD8307-D910-4C59-B378-183177863BE4}"
EndProject
Project("{FAE04EC0-301F-11D3-BF4B-00C04F79EFBC}") = "WebPageLifeCycle", "WebPageLifeCycle\WebPageLifeCycle.csproj", "{F1313933-F616-45AD-BB4F-4FACAAE7F005}"
EndProject
Global
	GlobalSection(SolutionConfigurationPlatforms) = preSolution
		Debug|Any CPU = Debug|Any CPU
		Release|Any CPU = Release|Any CPU
	EndGlobalSection
	GlobalSection(ProjectConfigurationPlatforms) = postSolution
		{5FDD8307-D910-4C59-B378-183177863BE4}.Debug|Any CPU.ActiveCfg = Debug|Any CPU
		{5FDD8307-D910-4C59-B378-183177863BE4}.Debug|Any CPU.Build.0 = Debug|Any CPU
		{5FDD8307-D910-4C59-B378-183177863BE4}.Release|Any CPU.ActiveCfg = Release|Any CPU
		{5FDD8307-D910-4C59-B378-183177863BE4}.Release|Any CPU.Build.0 = Release|Any CPU
		{F1313933-F616-45AD-BB4F-4FACAAE7F005}.Debug|Any CPU.ActiveCfg = Debug|Any CPU
		{F1313933-F616-45AD-BB4F-4FACAAE7F005}.Debug|Any CPU.Build.0 = Debug|Any CPU
		{F1313933-F616-45AD-BB4F-4FACAAE7F005}.Release|Any CPU.ActiveCfg = Release|Any CPU
		{F1313933-F616-45AD-BB4F-4FACAAE7F005}.Release|Any CPU.Build.0 = Release|Any CPU
	EndGlobalSection
	GlobalSection(SolutionProperties) = preSolution
		HideSolutionNode = FALSE
	EndGlobalSection
	GlobalSection(ExtensibilityGlobals) = postSolution
		SolutionGuid = {6D025C17-6233-4217-9EF0-53048A9CA67C}
	EndGlobalSection
EndGlobal
